{
  "requires": true,
  "lockfileVersion": 1,
  "dependencies": {
    "sweetalert2": {
      "version": "8.2.2",
      "resolved": "https://registry.npmjs.org/sweetalert2/-/sweetalert2-8.2.2.tgz",
      "integrity": "sha512-gKO69XLVrQ+wb5/geRYIvlRAGsPSUUbPNALuCk34sc7BSd5lWUNWwXffThWcetGDrFO8POTBJY8bbzPS+hCI9Q=="
    }
  }
}
